
Microsoft Visual Studio Solution File, Format Version 12.00
# Visual Studio Version 16
VisualStudioVersion = 16.0.29123.88
MinimumVisualStudioVersion = 10.0.40219.1
Project("{FAE04EC0-301F-11D3-BF4B-00C04F79EFBC}") = "AllegroScraper_HtmlAgilityPack", "AllegroScraper_HtmlAgilityPack.csproj", "{8567B485-98E4-428E-B954-EF098A654791}"
EndProject
Global
	GlobalSection(SolutionConfigurationPlatforms) = preSolution
		Debug|Any CPU = Debug|Any CPU
		Release|Any CPU = Release|Any CPU
	EndGlobalSection
	GlobalSection(ProjectConfigurationPlatforms) = postSolution
		{8567B485-98E4-428E-B954-EF098A654791}.Debug|Any CPU.ActiveCfg = Debug|Any CPU
		{8567B485-98E4-428E-B954-EF098A654791}.Debug|Any CPU.Build.0 = Debug|Any CPU
		{8567B485-98E4-428E-B954-EF098A654791}.Release|Any CPU.ActiveCfg = Release|Any CPU
		{8567B485-98E4-428E-B954-EF098A654791}.Release|Any CPU.Build.0 = Release|Any CPU
	EndGlobalSection
	GlobalSection(SolutionProperties) = preSolution
		HideSolutionNode = FALSE
	EndGlobalSection
	GlobalSection(ExtensibilityGlobals) = postSolution
		SolutionGuid = {7F300E6A-9824-4105-BD88-341039B73AF4}
	EndGlobalSection
EndGlobal
